
Microsoft Visual Studio Solution File, Format Version 12.00
# Visual Studio Version 16
VisualStudioVersion = 16.0.30711.63
MinimumVisualStudioVersion = 10.0.40219.1
Project("{FAE04EC0-301F-11D3-BF4B-00C04F79EFBC}") = "PasswordSaver.Android", "PasswordSaver\PasswordSaver.Android\PasswordSaver.Android.csproj", "{109D8958-2EE0-461A-A030-ABADBD635984}"
EndProject
Project("{FAE04EC0-301F-11D3-BF4B-00C04F79EFBC}") = "PasswordSaver.iOS", "PasswordSaver\PasswordSaver.iOS\PasswordSaver.iOS.csproj", "{22CD3DBB-E44D-44E5-9166-851F871EA06C}"
EndProject
Project("{FAE04EC0-301F-11D3-BF4B-00C04F79EFBC}") = "PasswordSaver", "PasswordSaver\PasswordSaver\PasswordSaver.csproj", "{314F9598-8995-4AD7-9D86-961A7219111B}"
EndProject
Global
	GlobalSection(SolutionConfigurationPlatforms) = preSolution
		Debug|Any CPU = Debug|Any CPU
		Debug|iPhone = Debug|iPhone
		Debug|iPhoneSimulator = Debug|iPhoneSimulator
		Release|Any CPU = Release|Any CPU
		Release|iPhone = Release|iPhone
		Release|iPhoneSimulator = Release|iPhoneSimulator
	EndGlobalSection
	GlobalSection(ProjectConfigurationPlatforms) = postSolution
		{109D8958-2EE0-461A-A030-ABADBD635984}.Debug|Any CPU.ActiveCfg = Debug|Any CPU
		{109D8958-2EE0-461A-A030-ABADBD635984}.Debug|Any CPU.Build.0 = Debug|Any CPU
		{109D8958-2EE0-461A-A030-ABADBD635984}.Debug|Any CPU.Deploy.0 = Debug|Any CPU
		{109D8958-2EE0-461A-A030-ABADBD635984}.Debug|iPhone.ActiveCfg = Debug|Any CPU
		{109D8958-2EE0-461A-A030-ABADBD635984}.Debug|iPhone.Build.0 = Debug|Any CPU
		{109D8958-2EE0-461A-A030-ABADBD635984}.Debug|iPhone.Deploy.0 = Debug|Any CPU
		{109D8958-2EE0-461A-A030-ABADBD635984}.Debug|iPhoneSimulator.ActiveCfg = Debug|Any CPU
		{109D8958-2EE0-461A-A030-ABADBD635984}.Debug|iPhoneSimulator.Build.0 = Debug|Any CPU
		{109D8958-2EE0-461A-A030-ABADBD635984}.Debug|iPhoneSimulator.Deploy.0 = Debug|Any CPU
		{109D8958-2EE0-461A-A030-ABADBD635984}.Release|Any CPU.ActiveCfg = Release|Any CPU
		{109D8958-2EE0-461A-A030-ABADBD635984}.Release|Any CPU.Build.0 = Release|Any CPU
		{109D8958-2EE0-461A-A030-ABADBD635984}.Release|Any CPU.Deploy.0 = Release|Any CPU
		{109D8958-2EE0-461A-A030-ABADBD635984}.Release|iPhone.ActiveCfg = Release|Any CPU
		{109D8958-2EE0-461A-A030-ABADBD635984}.Release|iPhone.Build.0 = Release|Any CPU
		{109D8958-2EE0-461A-A030-ABADBD635984}.Release|iPhone.Deploy.0 = Release|Any CPU
		{109D8958-2EE0-461A-A030-ABADBD635984}.Release|iPhoneSimulator.ActiveCfg = Release|Any CPU
		{109D8958-2EE0-461A-A030-ABADBD635984}.Release|iPhoneSimulator.Build.0 = Release|Any CPU
		{109D8958-2EE0-461A-A030-ABADBD635984}.Release|iPhoneSimulator.Deploy.0 = Release|Any CPU
		{22CD3DBB-E44D-44E5-9166-851F871EA06C}.Debug|Any CPU.ActiveCfg = Debug|iPhone
		{22CD3DBB-E44D-44E5-9166-851F871EA06C}.Debug|Any CPU.Build.0 = Debug|iPhone
		{22CD3DBB-E44D-44E5-9166-851F871EA06C}.Debug|Any CPU.Deploy.0 = Debug|iPhone
		{22CD3DBB-E44D-44E5-9166-851F871EA06C}.Debug|iPhone.ActiveCfg = Debug|iPhone
		{22CD3DBB-E44D-44E5-9166-851F871EA06C}.Debug|iPhone.Build.0 = Debug|iPhone
		{22CD3DBB-E44D-44E5-9166-851F871EA06C}.Debug|iPhone.Deploy.0 = Debug|iPhone
		{22CD3DBB-E44D-44E5-9166-851F871EA06C}.Debug|iPhoneSimulator.ActiveCfg = Debug|iPhoneSimulator
		{22CD3DBB-E44D-44E5-9166-851F871EA06C}.Debug|iPhoneSimulator.Build.0 = Debug|iPhoneSimulator
		{22CD3DBB-E44D-44E5-9166-851F871EA06C}.Debug|iPhoneSimulator.Deploy.0 = Debug|iPhoneSimulator
		{22CD3DBB-E44D-44E5-9166-851F871EA06C}.Release|Any CPU.ActiveCfg = Release|iPhoneSimulator
		{22CD3DBB-E44D-44E5-9166-851F871EA06C}.Release|Any CPU.Build.0 = Release|iPhoneSimulator
		{22CD3DBB-E44D-44E5-9166-851F871EA06C}.Release|Any CPU.Deploy.0 = Release|iPhoneSimulator
		{22CD3DBB-E44D-44E5-9166-851F871EA06C}.Release|iPhone.ActiveCfg = Release|iPhone
		{22CD3DBB-E44D-44E5-9166-851F871EA06C}.Release|iPhone.Build.0 = Release|iPhone
		{22CD3DBB-E44D-44E5-9166-851F871EA06C}.Release|iPhone.Deploy.0 = Release|iPhone
		{22CD3DBB-E44D-44E5-9166-851F871EA06C}.Release|iPhoneSimulator.ActiveCfg = Release|iPhoneSimulator
		{22CD3DBB-E44D-44E5-9166-851F871EA06C}.Release|iPhoneSimulator.Build.0 = Release|iPhoneSimulator
		{22CD3DBB-E44D-44E5-9166-851F871EA06C}.Release|iPhoneSimulator.Deploy.0 = Release|iPhoneSimulator
		{314F9598-8995-4AD7-9D86-961A7219111B}.Debug|Any CPU.ActiveCfg = Debug|Any CPU
		{314F9598-8995-4AD7-9D86-961A7219111B}.Debug|Any CPU.Build.0 = Debug|Any CPU
		{314F9598-8995-4AD7-9D86-961A7219111B}.Debug|Any CPU.Deploy.0 = Debug|Any CPU
		{314F9598-8995-4AD7-9D86-961A7219111B}.Debug|iPhone.ActiveCfg = Debug|Any CPU
		{314F9598-8995-4AD7-9D86-961A7219111B}.Debug|iPhone.Build.0 = Debug|Any CPU
		{314F9598-8995-4AD7-9D86-961A7219111B}.Debug|iPhone.Deploy.0 = Debug|Any CPU
		{314F9598-8995-4AD7-9D86-961A7219111B}.Debug|iPhoneSimulator.ActiveCfg = Debug|Any CPU
		{314F9598-8995-4AD7-9D86-961A7219111B}.Debug|iPhoneSimulator.Build.0 = Debug|Any CPU
		{314F9598-8995-4AD7-9D86-961A7219111B}.Debug|iPhoneSimulator.Deploy.0 = Debug|Any CPU
		{314F9598-8995-4AD7-9D86-961A7219111B}.Release|Any CPU.ActiveCfg = Release|Any CPU
		{314F9598-8995-4AD7-9D86-961A7219111B}.Release|Any CPU.Build.0 = Release|Any CPU
		{314F9598-8995-4AD7-9D86-961A7219111B}.Release|Any CPU.Deploy.0 = Release|Any CPU
		{314F9598-8995-4AD7-9D86-961A7219111B}.Release|iPhone.ActiveCfg = Release|Any CPU
		{314F9598-8995-4AD7-9D86-961A7219111B}.Release|iPhone.Build.0 = Release|Any CPU
		{314F9598-8995-4AD7-9D86-961A7219111B}.Release|iPhone.Deploy.0 = Release|Any CPU
		{314F9598-8995-4AD7-9D86-961A7219111B}.Release|iPhoneSimulator.ActiveCfg = Release|Any CPU
		{314F9598-8995-4AD7-9D86-961A7219111B}.Release|iPhoneSimulator.Build.0 = Release|Any CPU
		{314F9598-8995-4AD7-9D86-961A7219111B}.Release|iPhoneSimulator.Deploy.0 = Release|Any CPU
	EndGlobalSection
	GlobalSection(SolutionProperties) = preSolution
		HideSolutionNode = FALSE
	EndGlobalSection
	GlobalSection(ExtensibilityGlobals) = postSolution
		SolutionGuid = {CBAE5346-4F62-4858-BED0-15CC44ABC1B4}
	EndGlobalSection
EndGlobal
